
Microsoft Visual Studio Solution File, Format Version 12.00
# Visual Studio 14
VisualStudioVersion = 14.0.25420.1
MinimumVisualStudioVersion = 10.0.40219.1
Project("{FAE04EC0-301F-11D3-BF4B-00C04F79EFBC}") = "StationSearch", "StationSearch\StationSearch.csproj", "{BCBC71D5-2C3D-4DD7-8998-E0D82657F2E1}"
EndProject
Project("{FAE04EC0-301F-11D3-BF4B-00C04F79EFBC}") = "StationSearch.Tests", "StationSearch.Tests\StationSearch.Tests.csproj", "{F3752867-343C-4207-9454-12F13F321C36}"
EndProject
Project("{FAE04EC0-301F-11D3-BF4B-00C04F79EFBC}") = "StationSearch.Common", "StationSearch.Common\StationSearch.Common.csproj", "{95D6D0BD-6252-404D-A4CB-860BE979527F}"
EndProject
Global
	GlobalSection(SolutionConfigurationPlatforms) = preSolution
		Debug|Any CPU = Debug|Any CPU
		Release|Any CPU = Release|Any CPU
	EndGlobalSection
	GlobalSection(ProjectConfigurationPlatforms) = postSolution
		{BCBC71D5-2C3D-4DD7-8998-E0D82657F2E1}.Debug|Any CPU.ActiveCfg = Debug|Any CPU
		{BCBC71D5-2C3D-4DD7-8998-E0D82657F2E1}.Debug|Any CPU.Build.0 = Debug|Any CPU
		{BCBC71D5-2C3D-4DD7-8998-E0D82657F2E1}.Release|Any CPU.ActiveCfg = Release|Any CPU
		{BCBC71D5-2C3D-4DD7-8998-E0D82657F2E1}.Release|Any CPU.Build.0 = Release|Any CPU
		{F3752867-343C-4207-9454-12F13F321C36}.Debug|Any CPU.ActiveCfg = Debug|Any CPU
		{F3752867-343C-4207-9454-12F13F321C36}.Debug|Any CPU.Build.0 = Debug|Any CPU
		{F3752867-343C-4207-9454-12F13F321C36}.Release|Any CPU.ActiveCfg = Release|Any CPU
		{F3752867-343C-4207-9454-12F13F321C36}.Release|Any CPU.Build.0 = Release|Any CPU
		{95D6D0BD-6252-404D-A4CB-860BE979527F}.Debug|Any CPU.ActiveCfg = Debug|Any CPU
		{95D6D0BD-6252-404D-A4CB-860BE979527F}.Debug|Any CPU.Build.0 = Debug|Any CPU
		{95D6D0BD-6252-404D-A4CB-860BE979527F}.Release|Any CPU.ActiveCfg = Release|Any CPU
		{95D6D0BD-6252-404D-A4CB-860BE979527F}.Release|Any CPU.Build.0 = Release|Any CPU
	EndGlobalSection
	GlobalSection(SolutionProperties) = preSolution
		HideSolutionNode = FALSE
	EndGlobalSection
EndGlobal
